{
  "version": 4,
  "terraform_version": "0.12.26",
  "serial": 11,
  "lineage": "c5e16d83-3ded-4786-a202-ff57dfed4d02",
  "outputs": {},
  "resources": [
    {
      "mode": "managed",
      "type": "docker_image",
      "name": "hello_img",
      "provider": "provider.docker",
      "instances": [
        {
          "schema_version": 0,
          "attributes": {
            "id": "sha256:bf756fb1ae65adf866bd8c456593cd24beb6a0a061dedf42b26a993176745f6bhello-world:latest",
            "keep_locally": null,
            "latest": "sha256:bf756fb1ae65adf866bd8c456593cd24beb6a0a061dedf42b26a993176745f6b",
            "name": "hello-world:latest",
            "pull_trigger": null,
            "pull_triggers": null
          },
          "private": "bnVsbA=="
        }
      ]
    },
    {
      "mode": "managed",
      "type": "docker_image",
      "name": "ubuntu1604_img",
      "provider": "provider.docker",
      "instances": [
        {
          "schema_version": 0,
          "attributes": {
            "id": "sha256:005d2078bdfab5066ae941cea93f644f5fd25521849c870f4e1496f4526d1d5bubuntu:16.04",
            "keep_locally": null,
            "latest": "sha256:005d2078bdfab5066ae941cea93f644f5fd25521849c870f4e1496f4526d1d5b",
            "name": "ubuntu:16.04",
            "pull_trigger": null,
            "pull_triggers": null
          },
          "private": "bnVsbA=="
        }
      ]
    },
    {
      "mode": "managed",
      "type": "docker_image",
      "name": "ubuntu1804_img",
      "provider": "provider.docker",
      "instances": [
        {
          "schema_version": 0,
          "attributes": {
            "id": "sha256:8e4ce0a6ce691670d8d5562ccef241fac31f7f4bbd793e903d68dee124f0131bubuntu:18.04",
            "keep_locally": null,
            "latest": "sha256:8e4ce0a6ce691670d8d5562ccef241fac31f7f4bbd793e903d68dee124f0131b",
            "name": "ubuntu:18.04",
            "pull_trigger": null,
            "pull_triggers": null
          },
          "private": "bnVsbA=="
        }
      ]
    }
  ]
}
